
Microsoft Visual Studio Solution File, Format Version 12.00
# Visual Studio Version 17
VisualStudioVersion = 17.13.35806.99 d17.13
MinimumVisualStudioVersion = 10.0.40219.1
Project("{FAE04EC0-301F-11D3-BF4B-00C04F79EFBC}") = "AvaloniaI18nTest", "AvaloniaI18nTest.csproj", "{44FC98D0-1EE6-4C1D-8F36-B3FDC1BC3514}"
EndProject
Global
	GlobalSection(SolutionConfigurationPlatforms) = preSolution
		Debug|Any CPU = Debug|Any CPU
		Release|Any CPU = Release|Any CPU
	EndGlobalSection
	GlobalSection(ProjectConfigurationPlatforms) = postSolution
		{44FC98D0-1EE6-4C1D-8F36-B3FDC1BC3514}.Debug|Any CPU.ActiveCfg = Debug|Any CPU
		{44FC98D0-1EE6-4C1D-8F36-B3FDC1BC3514}.Debug|Any CPU.Build.0 = Debug|Any CPU
		{44FC98D0-1EE6-4C1D-8F36-B3FDC1BC3514}.Release|Any CPU.ActiveCfg = Release|Any CPU
		{44FC98D0-1EE6-4C1D-8F36-B3FDC1BC3514}.Release|Any CPU.Build.0 = Release|Any CPU
	EndGlobalSection
	GlobalSection(SolutionProperties) = preSolution
		HideSolutionNode = FALSE
	EndGlobalSection
	GlobalSection(ExtensibilityGlobals) = postSolution
		SolutionGuid = {EBDB632C-BB5A-4A3D-B734-4E144D338C75}
	EndGlobalSection
EndGlobal
